
Microsoft Visual Studio Solution File, Format Version 12.00
# Visual Studio 15
VisualStudioVersion = 15.0.28307.779
MinimumVisualStudioVersion = 10.0.40219.1
Project("{8BC9CEB8-8B4A-11D0-8D11-00A0C91BC942}") = "fastman92 limit adjuster", "fastman92 limit adjuster\fastman92 limit adjuster.vcxproj", "{276059E1-4DB8-44F1-A381-92CD7E4548AF}"
	ProjectSection(ProjectDependencies) = postProject
		{7C19C9C6-EC09-42BE-80E1-976DE85B2875} = {7C19C9C6-EC09-42BE-80E1-976DE85B2875}
	EndProjectSection
EndProject
Project("{8BC9CEB8-8B4A-11D0-8D11-00A0C91BC942}") = "fastman92 limit adjuster external loader old", "fastman92 limit adjuster external loader\fastman92 limit adjuster external loader.vcxproj", "{A3FE14EE-A705-449C-AB06-6A904F0AF392}"
EndProject
Project("{8BC9CEB8-8B4A-11D0-8D11-00A0C91BC942}") = "fastman92 plugin loader", "fastman92 plugin loader\fastman92 plugin loader.vcxproj", "{7C19C9C6-EC09-42BE-80E1-976DE85B2875}"
EndProject
Global
	GlobalSection(SolutionConfigurationPlatforms) = preSolution
		Debug|ANDROID_ARM64_V8A = Debug|ANDROID_ARM64_V8A
		Debug|ANDROID_ARMEABI = Debug|ANDROID_ARMEABI
		Debug|ANDROID_ARMEABI_V7A = Debug|ANDROID_ARMEABI_V7A
		Debug|ANDROID_X64 = Debug|ANDROID_X64
		Debug|ANDROID_X86 = Debug|ANDROID_X86
		Debug|WIN_ARM32 = Debug|WIN_ARM32
		Debug|WIN_ARM64 = Debug|WIN_ARM64
		Debug|WIN_X64 = Debug|WIN_X64
		Debug|WIN_X86 = Debug|WIN_X86
		Release|ANDROID_ARM64_V8A = Release|ANDROID_ARM64_V8A
		Release|ANDROID_ARMEABI = Release|ANDROID_ARMEABI
		Release|ANDROID_ARMEABI_V7A = Release|ANDROID_ARMEABI_V7A
		Release|ANDROID_X64 = Release|ANDROID_X64
		Release|ANDROID_X86 = Release|ANDROID_X86
		Release|WIN_ARM32 = Release|WIN_ARM32
		Release|WIN_ARM64 = Release|WIN_ARM64
		Release|WIN_X64 = Release|WIN_X64
		Release|WIN_X86 = Release|WIN_X86
	EndGlobalSection
	GlobalSection(ProjectConfigurationPlatforms) = postSolution
		{276059E1-4DB8-44F1-A381-92CD7E4548AF}.Debug|ANDROID_ARM64_V8A.ActiveCfg = Debug|ARM64
		{276059E1-4DB8-44F1-A381-92CD7E4548AF}.Debug|ANDROID_ARM64_V8A.Build.0 = Debug|ARM64
		{276059E1-4DB8-44F1-A381-92CD7E4548AF}.Debug|ANDROID_ARMEABI.ActiveCfg = Debug|ARM
		{276059E1-4DB8-44F1-A381-92CD7E4548AF}.Debug|ANDROID_ARMEABI.Build.0 = Debug|ARM
		{276059E1-4DB8-44F1-A381-92CD7E4548AF}.Debug|ANDROID_ARMEABI_V7A.ActiveCfg = Debug|ARM
		{276059E1-4DB8-44F1-A381-92CD7E4548AF}.Debug|ANDROID_ARMEABI_V7A.Build.0 = Debug|ARM
		{276059E1-4DB8-44F1-A381-92CD7E4548AF}.Debug|ANDROID_X64.ActiveCfg = Debug|x64
		{276059E1-4DB8-44F1-A381-92CD7E4548AF}.Debug|ANDROID_X64.Build.0 = Debug|x64
		{276059E1-4DB8-44F1-A381-92CD7E4548AF}.Debug|ANDROID_X86.ActiveCfg = Debug|x86
		{276059E1-4DB8-44F1-A381-92CD7E4548AF}.Debug|ANDROID_X86.Build.0 = Debug|x86
		{276059E1-4DB8-44F1-A381-92CD7E4548AF}.Debug|WIN_ARM32.ActiveCfg = Debug|ARM
		{276059E1-4DB8-44F1-A381-92CD7E4548AF}.Debug|WIN_ARM32.Build.0 = Debug|ARM
		{276059E1-4DB8-44F1-A381-92CD7E4548AF}.Debug|WIN_ARM64.ActiveCfg = Debug|ARM64
		{276059E1-4DB8-44F1-A381-92CD7E4548AF}.Debug|WIN_ARM64.Build.0 = Debug|ARM64
		{276059E1-4DB8-44F1-A381-92CD7E4548AF}.Debug|WIN_X64.ActiveCfg = Debug|x64
		{276059E1-4DB8-44F1-A381-92CD7E4548AF}.Debug|WIN_X64.Build.0 = Debug|x64
		{276059E1-4DB8-44F1-A381-92CD7E4548AF}.Debug|WIN_X86.ActiveCfg = Debug|Win32
		{276059E1-4DB8-44F1-A381-92CD7E4548AF}.Debug|WIN_X86.Build.0 = Debug|Win32
		{276059E1-4DB8-44F1-A381-92CD7E4548AF}.Release|ANDROID_ARM64_V8A.ActiveCfg = Release|ARM64
		{276059E1-4DB8-44F1-A381-92CD7E4548AF}.Release|ANDROID_ARM64_V8A.Build.0 = Release|ARM64
		{276059E1-4DB8-44F1-A381-92CD7E4548AF}.Release|ANDROID_ARMEABI.ActiveCfg = Release|ARM
		{276059E1-4DB8-44F1-A381-92CD7E4548AF}.Release|ANDROID_ARMEABI.Build.0 = Release|ARM
		{276059E1-4DB8-44F1-A381-92CD7E4548AF}.Release|ANDROID_ARMEABI_V7A.ActiveCfg = Release|ARM
		{276059E1-4DB8-44F1-A381-92CD7E4548AF}.Release|ANDROID_ARMEABI_V7A.Build.0 = Release|ARM
		{276059E1-4DB8-44F1-A381-92CD7E4548AF}.Release|ANDROID_X64.ActiveCfg = Release|x64
		{276059E1-4DB8-44F1-A381-92CD7E4548AF}.Release|ANDROID_X64.Build.0 = Release|x64
		{276059E1-4DB8-44F1-A381-92CD7E4548AF}.Release|ANDROID_X86.ActiveCfg = Release|x86
		{276059E1-4DB8-44F1-A381-92CD7E4548AF}.Release|ANDROID_X86.Build.0 = Release|x86
		{276059E1-4DB8-44F1-A381-92CD7E4548AF}.Release|ARM.ActiveCfg = Release|ARM
		{276059E1-4DB8-44F1-A381-92CD7E4548AF}.Release|ARM.Build.0 = Release|ARM
		{276059E1-4DB8-44F1-A381-92CD7E4548AF}.Release|ARM64.ActiveCfg = Release|ARM64
		{276059E1-4DB8-44F1-A381-92CD7E4548AF}.Release|ARM64.Build.0 = Release|ARM64
		{276059E1-4DB8-44F1-A381-92CD7E4548AF}.Release|WIN_ARM32.ActiveCfg = Release|ARM
		{276059E1-4DB8-44F1-A381-92CD7E4548AF}.Release|WIN_ARM32.Build.0 = Release|ARM
		{276059E1-4DB8-44F1-A381-92CD7E4548AF}.Release|WIN_ARM64.ActiveCfg = Release|ARM64
		{276059E1-4DB8-44F1-A381-92CD7E4548AF}.Release|WIN_ARM64.Build.0 = Release|ARM64
		{276059E1-4DB8-44F1-A381-92CD7E4548AF}.Release|WIN_X64.ActiveCfg = Release|x64
		{276059E1-4DB8-44F1-A381-92CD7E4548AF}.Release|WIN_X64.Build.0 = Release|x64
		{276059E1-4DB8-44F1-A381-92CD7E4548AF}.Release|WIN_X86.ActiveCfg = Release|Win32
		{276059E1-4DB8-44F1-A381-92CD7E4548AF}.Release|WIN_X86.Build.0 = Release|Win32
		{A3FE14EE-A705-449C-AB06-6A904F0AF392}.Debug|ANDROID_ARM64_V8A.ActiveCfg = Debug|Win32
		{A3FE14EE-A705-449C-AB06-6A904F0AF392}.Debug|ANDROID_ARMEABI.ActiveCfg = Debug|Win32
		{A3FE14EE-A705-449C-AB06-6A904F0AF392}.Debug|ANDROID_ARMEABI_V7A.ActiveCfg = Debug|Win32
		{A3FE14EE-A705-449C-AB06-6A904F0AF392}.Debug|ANDROID_X64.ActiveCfg = Debug|x64
		{A3FE14EE-A705-449C-AB06-6A904F0AF392}.Debug|ANDROID_X86.ActiveCfg = Debug|Win32
		{A3FE14EE-A705-449C-AB06-6A904F0AF392}.Debug|ARM.ActiveCfg = Debug|Win32
		{A3FE14EE-A705-449C-AB06-6A904F0AF392}.Debug|ARM64.ActiveCfg = Debug|Win32
		{A3FE14EE-A705-449C-AB06-6A904F0AF392}.Debug|WIN_ARM32.ActiveCfg = Debug|Win32
		{A3FE14EE-A705-449C-AB06-6A904F0AF392}.Debug|WIN_ARM64.ActiveCfg = Debug|Win32
		{A3FE14EE-A705-449C-AB06-6A904F0AF392}.Debug|WIN_X64.ActiveCfg = Debug|x64
		{A3FE14EE-A705-449C-AB06-6A904F0AF392}.Debug|WIN_X64.Build.0 = Debug|x64
		{A3FE14EE-A705-449C-AB06-6A904F0AF392}.Debug|WIN_X86.ActiveCfg = Debug|Win32
		{A3FE14EE-A705-449C-AB06-6A904F0AF392}.Debug|WIN_X86.Build.0 = Debug|Win32
		{A3FE14EE-A705-449C-AB06-6A904F0AF392}.Release|ANDROID_ARM64_V8A.ActiveCfg = Release|Win32
		{A3FE14EE-A705-449C-AB06-6A904F0AF392}.Release|ANDROID_ARMEABI.ActiveCfg = Release|Win32
		{A3FE14EE-A705-449C-AB06-6A904F0AF392}.Release|ANDROID_ARMEABI_V7A.ActiveCfg = Release|Win32
		{A3FE14EE-A705-449C-AB06-6A904F0AF392}.Release|ANDROID_X64.ActiveCfg = Release|x64
		{A3FE14EE-A705-449C-AB06-6A904F0AF392}.Release|ANDROID_X86.ActiveCfg = Release|Win32
		{A3FE14EE-A705-449C-AB06-6A904F0AF392}.Release|ARM.ActiveCfg = Release|Win32
		{A3FE14EE-A705-449C-AB06-6A904F0AF392}.Release|ARM64.ActiveCfg = Release|Win32
		{A3FE14EE-A705-449C-AB06-6A904F0AF392}.Release|WIN_ARM32.ActiveCfg = Release|Win32
		{A3FE14EE-A705-449C-AB06-6A904F0AF392}.Release|WIN_ARM64.ActiveCfg = Release|Win32
		{A3FE14EE-A705-449C-AB06-6A904F0AF392}.Release|WIN_X64.ActiveCfg = Release|x64
		{A3FE14EE-A705-449C-AB06-6A904F0AF392}.Release|WIN_X64.Build.0 = Release|x64
		{A3FE14EE-A705-449C-AB06-6A904F0AF392}.Release|WIN_X86.ActiveCfg = Release|Win32
		{A3FE14EE-A705-449C-AB06-6A904F0AF392}.Release|WIN_X86.Build.0 = Release|Win32
		{7C19C9C6-EC09-42BE-80E1-976DE85B2875}.Debug|ANDROID_ARM64_V8A.ActiveCfg = Debug|ARM64
		{7C19C9C6-EC09-42BE-80E1-976DE85B2875}.Debug|ANDROID_ARM64_V8A.Build.0 = Debug|ARM64
		{7C19C9C6-EC09-42BE-80E1-976DE85B2875}.Debug|ANDROID_ARMEABI.ActiveCfg = Debug|ARM
		{7C19C9C6-EC09-42BE-80E1-976DE85B2875}.Debug|ANDROID_ARMEABI.Build.0 = Debug|ARM
		{7C19C9C6-EC09-42BE-80E1-976DE85B2875}.Debug|ANDROID_ARMEABI_V7A.ActiveCfg = Debug|ARM
		{7C19C9C6-EC09-42BE-80E1-976DE85B2875}.Debug|ANDROID_ARMEABI_V7A.Build.0 = Debug|ARM
		{7C19C9C6-EC09-42BE-80E1-976DE85B2875}.Debug|ANDROID_X64.ActiveCfg = Debug|x64
		{7C19C9C6-EC09-42BE-80E1-976DE85B2875}.Debug|ANDROID_X64.Build.0 = Debug|x64
		{7C19C9C6-EC09-42BE-80E1-976DE85B2875}.Debug|ANDROID_X86.ActiveCfg = Debug|x86
		{7C19C9C6-EC09-42BE-80E1-976DE85B2875}.Debug|ANDROID_X86.Build.0 = Debug|x86
		{7C19C9C6-EC09-42BE-80E1-976DE85B2875}.Debug|ARM.ActiveCfg = Debug|ARM
		{7C19C9C6-EC09-42BE-80E1-976DE85B2875}.Debug|ARM.Build.0 = Debug|ARM
		{7C19C9C6-EC09-42BE-80E1-976DE85B2875}.Debug|ARM64.ActiveCfg = Debug|ARM64
		{7C19C9C6-EC09-42BE-80E1-976DE85B2875}.Debug|ARM64.Build.0 = Debug|ARM64
		{7C19C9C6-EC09-42BE-80E1-976DE85B2875}.Debug|WIN_ARM32.ActiveCfg = Debug|ARM
		{7C19C9C6-EC09-42BE-80E1-976DE85B2875}.Debug|WIN_ARM64.ActiveCfg = Debug|ARM64
		{7C19C9C6-EC09-42BE-80E1-976DE85B2875}.Debug|WIN_X64.ActiveCfg = Debug|x64
		{7C19C9C6-EC09-42BE-80E1-976DE85B2875}.Debug|WIN_X86.ActiveCfg = Debug|Win32
		{7C19C9C6-EC09-42BE-80E1-976DE85B2875}.Release|ANDROID_ARM64_V8A.ActiveCfg = Release|ARM64
		{7C19C9C6-EC09-42BE-80E1-976DE85B2875}.Release|ANDROID_ARM64_V8A.Build.0 = Release|ARM64
		{7C19C9C6-EC09-42BE-80E1-976DE85B2875}.Release|ANDROID_ARMEABI.ActiveCfg = Release|ARM
		{7C19C9C6-EC09-42BE-80E1-976DE85B2875}.Release|ANDROID_ARMEABI.Build.0 = Release|ARM
		{7C19C9C6-EC09-42BE-80E1-976DE85B2875}.Release|ANDROID_ARMEABI_V7A.ActiveCfg = Release|ARM
		{7C19C9C6-EC09-42BE-80E1-976DE85B2875}.Release|ANDROID_ARMEABI_V7A.Build.0 = Release|ARM
		{7C19C9C6-EC09-42BE-80E1-976DE85B2875}.Release|ANDROID_X64.ActiveCfg = Release|x64
		{7C19C9C6-EC09-42BE-80E1-976DE85B2875}.Release|ANDROID_X64.Build.0 = Release|x64
		{7C19C9C6-EC09-42BE-80E1-976DE85B2875}.Release|ANDROID_X86.ActiveCfg = Release|x86
		{7C19C9C6-EC09-42BE-80E1-976DE85B2875}.Release|ANDROID_X86.Build.0 = Release|x86
		{7C19C9C6-EC09-42BE-80E1-976DE85B2875}.Release|ARM.ActiveCfg = Release|ARM
		{7C19C9C6-EC09-42BE-80E1-976DE85B2875}.Release|ARM.Build.0 = Release|ARM
		{7C19C9C6-EC09-42BE-80E1-976DE85B2875}.Release|ARM64.ActiveCfg = Release|ARM64
		{7C19C9C6-EC09-42BE-80E1-976DE85B2875}.Release|ARM64.Build.0 = Release|ARM64
		{7C19C9C6-EC09-42BE-80E1-976DE85B2875}.Release|WIN_ARM32.ActiveCfg = Release|ARM
		{7C19C9C6-EC09-42BE-80E1-976DE85B2875}.Release|WIN_ARM64.ActiveCfg = Release|ARM64
		{7C19C9C6-EC09-42BE-80E1-976DE85B2875}.Release|WIN_X64.ActiveCfg = Release|x64
		{7C19C9C6-EC09-42BE-80E1-976DE85B2875}.Release|WIN_X86.ActiveCfg = Release|Win32
	EndGlobalSection
	GlobalSection(SolutionProperties) = preSolution
		HideSolutionNode = FALSE
	EndGlobalSection
	GlobalSection(ExtensibilityGlobals) = postSolution
		SolutionGuid = {9A252FD0-4350-4649-84DE-9BA0654CA111}
	EndGlobalSection
EndGlobal
